
Microsoft Visual Studio Solution File, Format Version 12.00
# Visual Studio Version 16
VisualStudioVersion = 16.6.30114.105
MinimumVisualStudioVersion = 10.0.40219.1
Project("{FAE04EC0-301F-11D3-BF4B-00C04F79EFBC}") = "Penguin.Cms.Security.Local", "Penguin.Cms.Security.Local.csproj", "{1D48BDC3-3444-4850-AA69-A74ACE3E4ADB}"
EndProject
Project("{FAE04EC0-301F-11D3-BF4B-00C04F79EFBC}") = "Penguin.Auditing.Abstractions.Local", "..\Penguin.Auditing.Abstractions\Penguin.Auditing.Abstractions.Local.csproj", "{57501BB1-C307-4B13-AE19-B772C1D1DE85}"
EndProject
Project("{FAE04EC0-301F-11D3-BF4B-00C04F79EFBC}") = "Penguin.Cms.Email.Abstractions.Local", "..\Penguin.Cms.Email.Abstractions\Penguin.Cms.Email.Abstractions.Local.csproj", "{AE26A08A-21BE-453E-A53B-4056B633E05C}"
EndProject
Project("{FAE04EC0-301F-11D3-BF4B-00C04F79EFBC}") = "Penguin.Email.Abstractions.Local", "..\Penguin.Email.Abstractions\Penguin.Email.Abstractions.Local.csproj", "{B416E272-D47C-48A2-A7A4-D1176AA894F9}"
EndProject
Project("{FAE04EC0-301F-11D3-BF4B-00C04F79EFBC}") = "Penguin.Files.Abstractions.Local", "..\Penguin.Files.Abstractions\Penguin.Files.Abstractions.Local.csproj", "{F0933018-D835-413E-BBC2-DB7C22607399}"
EndProject
Project("{FAE04EC0-301F-11D3-BF4B-00C04F79EFBC}") = "Penguin.Email.Templating.Abstractions.Local", "..\Penguin.Email.Templating.Abstractions\Penguin.Email.Templating.Abstractions.Local.csproj", "{E55F5B3D-0036-40DA-A038-832742A39FFC}"
EndProject
Project("{FAE04EC0-301F-11D3-BF4B-00C04F79EFBC}") = "Penguin.Templating.Abstractions.Local", "..\Penguin.Templating.Abstractions\Penguin.Templating.Abstractions.Local.csproj", "{CFC488CC-DE22-4A52-80E2-2CC3DC200E7F}"
EndProject
Project("{FAE04EC0-301F-11D3-BF4B-00C04F79EFBC}") = "Penguin.Security.Abstractions.Local", "..\Penguin.Security.Abstractions\Penguin.Security.Abstractions.Local.csproj", "{07718654-E09A-4D2F-A87F-DCDC46EEC8F6}"
EndProject
Project("{FAE04EC0-301F-11D3-BF4B-00C04F79EFBC}") = "Penguin.Cms.Abstractions.Local", "..\Penguin.Cms.Abstractions\Penguin.Cms.Abstractions.Local.csproj", "{C1F02FB3-15BC-4EC4-B461-E496D6194A58}"
EndProject
Project("{FAE04EC0-301F-11D3-BF4B-00C04F79EFBC}") = "Penguin.DependencyInjection.Abstractions.Local", "..\Penguin.DependencyInjection.Abstractions\Penguin.DependencyInjection.Abstractions.Local.csproj", "{1562BF5B-86B0-4CB5-8D36-5F301C3653BC}"
EndProject
Project("{FAE04EC0-301F-11D3-BF4B-00C04F79EFBC}") = "Penguin.Persistence.Abstractions.Local", "..\Penguin.Persistence.Abstractions\Penguin.Persistence.Abstractions.Local.csproj", "{F0AF817C-E1A7-4A2C-9401-E0ADC8759AD8}"
EndProject
Project("{FAE04EC0-301F-11D3-BF4B-00C04F79EFBC}") = "Penguin.Entities.Abstractions.Local", "..\Penguin.Entities.Abstractions\Penguin.Entities.Abstractions.Local.csproj", "{5EB45614-A8DF-4806-BA20-092C56E74F5A}"
EndProject
Project("{FAE04EC0-301F-11D3-BF4B-00C04F79EFBC}") = "Penguin.Reflection.Extensions.Local", "..\Penguin.Reflection.Extensions\Penguin.Reflection.Extensions.Local.csproj", "{0A2D408E-A188-48F5-A4C9-07809F1FF13A}"
EndProject
Project("{FAE04EC0-301F-11D3-BF4B-00C04F79EFBC}") = "Penguin.Reflection.Abstractions.Local", "..\Penguin.Reflection.Abstractions\Penguin.Reflection.Abstractions.Local.csproj", "{3360F55F-4BA3-4533-9826-73F704452C7B}"
EndProject
Project("{FAE04EC0-301F-11D3-BF4B-00C04F79EFBC}") = "Penguin.Extensions.String.Local", "..\Penguin.Extensions.String\Penguin.Extensions.String.Local.csproj", "{21D8C0F8-892B-446E-AC45-9C2CB59B4F51}"
EndProject
Project("{FAE04EC0-301F-11D3-BF4B-00C04F79EFBC}") = "Penguin.Cms.Entities.Local", "..\Penguin.Cms.Entities\Penguin.Cms.Entities.Local.csproj", "{ABC3FCE1-3ADE-4537-B95E-2FA970F0DA88}"
EndProject
Global
	GlobalSection(SolutionConfigurationPlatforms) = preSolution
		Debug|Any CPU = Debug|Any CPU
		Debug|x64 = Debug|x64
		Debug|x86 = Debug|x86
		Release|Any CPU = Release|Any CPU
		Release|x64 = Release|x64
		Release|x86 = Release|x86
	EndGlobalSection
	GlobalSection(SolutionProperties) = preSolution
		HideSolutionNode = FALSE
	EndGlobalSection
	GlobalSection(ProjectConfigurationPlatforms) = postSolution
		{1D48BDC3-3444-4850-AA69-A74ACE3E4ADB}.Debug|Any CPU.ActiveCfg = Debug|Any CPU
		{1D48BDC3-3444-4850-AA69-A74ACE3E4ADB}.Debug|Any CPU.Build.0 = Debug|Any CPU
		{1D48BDC3-3444-4850-AA69-A74ACE3E4ADB}.Debug|x64.ActiveCfg = Debug|Any CPU
		{1D48BDC3-3444-4850-AA69-A74ACE3E4ADB}.Debug|x64.Build.0 = Debug|Any CPU
		{1D48BDC3-3444-4850-AA69-A74ACE3E4ADB}.Debug|x86.ActiveCfg = Debug|Any CPU
		{1D48BDC3-3444-4850-AA69-A74ACE3E4ADB}.Debug|x86.Build.0 = Debug|Any CPU
		{1D48BDC3-3444-4850-AA69-A74ACE3E4ADB}.Release|Any CPU.ActiveCfg = Release|Any CPU
		{1D48BDC3-3444-4850-AA69-A74ACE3E4ADB}.Release|Any CPU.Build.0 = Release|Any CPU
		{1D48BDC3-3444-4850-AA69-A74ACE3E4ADB}.Release|x64.ActiveCfg = Release|Any CPU
		{1D48BDC3-3444-4850-AA69-A74ACE3E4ADB}.Release|x64.Build.0 = Release|Any CPU
		{1D48BDC3-3444-4850-AA69-A74ACE3E4ADB}.Release|x86.ActiveCfg = Release|Any CPU
		{1D48BDC3-3444-4850-AA69-A74ACE3E4ADB}.Release|x86.Build.0 = Release|Any CPU
		{57501BB1-C307-4B13-AE19-B772C1D1DE85}.Debug|Any CPU.ActiveCfg = Debug|Any CPU
		{57501BB1-C307-4B13-AE19-B772C1D1DE85}.Debug|Any CPU.Build.0 = Debug|Any CPU
		{57501BB1-C307-4B13-AE19-B772C1D1DE85}.Debug|x64.ActiveCfg = Debug|Any CPU
		{57501BB1-C307-4B13-AE19-B772C1D1DE85}.Debug|x64.Build.0 = Debug|Any CPU
		{57501BB1-C307-4B13-AE19-B772C1D1DE85}.Debug|x86.ActiveCfg = Debug|Any CPU
		{57501BB1-C307-4B13-AE19-B772C1D1DE85}.Debug|x86.Build.0 = Debug|Any CPU
		{57501BB1-C307-4B13-AE19-B772C1D1DE85}.Release|Any CPU.ActiveCfg = Release|Any CPU
		{57501BB1-C307-4B13-AE19-B772C1D1DE85}.Release|Any CPU.Build.0 = Release|Any CPU
		{57501BB1-C307-4B13-AE19-B772C1D1DE85}.Release|x64.ActiveCfg = Release|Any CPU
		{57501BB1-C307-4B13-AE19-B772C1D1DE85}.Release|x64.Build.0 = Release|Any CPU
		{57501BB1-C307-4B13-AE19-B772C1D1DE85}.Release|x86.ActiveCfg = Release|Any CPU
		{57501BB1-C307-4B13-AE19-B772C1D1DE85}.Release|x86.Build.0 = Release|Any CPU
		{AE26A08A-21BE-453E-A53B-4056B633E05C}.Debug|Any CPU.ActiveCfg = Debug|Any CPU
		{AE26A08A-21BE-453E-A53B-4056B633E05C}.Debug|Any CPU.Build.0 = Debug|Any CPU
		{AE26A08A-21BE-453E-A53B-4056B633E05C}.Debug|x64.ActiveCfg = Debug|Any CPU
		{AE26A08A-21BE-453E-A53B-4056B633E05C}.Debug|x64.Build.0 = Debug|Any CPU
		{AE26A08A-21BE-453E-A53B-4056B633E05C}.Debug|x86.ActiveCfg = Debug|Any CPU
		{AE26A08A-21BE-453E-A53B-4056B633E05C}.Debug|x86.Build.0 = Debug|Any CPU
		{AE26A08A-21BE-453E-A53B-4056B633E05C}.Release|Any CPU.ActiveCfg = Release|Any CPU
		{AE26A08A-21BE-453E-A53B-4056B633E05C}.Release|Any CPU.Build.0 = Release|Any CPU
		{AE26A08A-21BE-453E-A53B-4056B633E05C}.Release|x64.ActiveCfg = Release|Any CPU
		{AE26A08A-21BE-453E-A53B-4056B633E05C}.Release|x64.Build.0 = Release|Any CPU
		{AE26A08A-21BE-453E-A53B-4056B633E05C}.Release|x86.ActiveCfg = Release|Any CPU
		{AE26A08A-21BE-453E-A53B-4056B633E05C}.Release|x86.Build.0 = Release|Any CPU
		{B416E272-D47C-48A2-A7A4-D1176AA894F9}.Debug|Any CPU.ActiveCfg = Debug|Any CPU
		{B416E272-D47C-48A2-A7A4-D1176AA894F9}.Debug|Any CPU.Build.0 = Debug|Any CPU
		{B416E272-D47C-48A2-A7A4-D1176AA894F9}.Debug|x64.ActiveCfg = Debug|Any CPU
		{B416E272-D47C-48A2-A7A4-D1176AA894F9}.Debug|x64.Build.0 = Debug|Any CPU
		{B416E272-D47C-48A2-A7A4-D1176AA894F9}.Debug|x86.ActiveCfg = Debug|Any CPU
		{B416E272-D47C-48A2-A7A4-D1176AA894F9}.Debug|x86.Build.0 = Debug|Any CPU
		{B416E272-D47C-48A2-A7A4-D1176AA894F9}.Release|Any CPU.ActiveCfg = Release|Any CPU
		{B416E272-D47C-48A2-A7A4-D1176AA894F9}.Release|Any CPU.Build.0 = Release|Any CPU
		{B416E272-D47C-48A2-A7A4-D1176AA894F9}.Release|x64.ActiveCfg = Release|Any CPU
		{B416E272-D47C-48A2-A7A4-D1176AA894F9}.Release|x64.Build.0 = Release|Any CPU
		{B416E272-D47C-48A2-A7A4-D1176AA894F9}.Release|x86.ActiveCfg = Release|Any CPU
		{B416E272-D47C-48A2-A7A4-D1176AA894F9}.Release|x86.Build.0 = Release|Any CPU
		{F0933018-D835-413E-BBC2-DB7C22607399}.Debug|Any CPU.ActiveCfg = Debug|Any CPU
		{F0933018-D835-413E-BBC2-DB7C22607399}.Debug|Any CPU.Build.0 = Debug|Any CPU
		{F0933018-D835-413E-BBC2-DB7C22607399}.Debug|x64.ActiveCfg = Debug|Any CPU
		{F0933018-D835-413E-BBC2-DB7C22607399}.Debug|x64.Build.0 = Debug|Any CPU
		{F0933018-D835-413E-BBC2-DB7C22607399}.Debug|x86.ActiveCfg = Debug|Any CPU
		{F0933018-D835-413E-BBC2-DB7C22607399}.Debug|x86.Build.0 = Debug|Any CPU
		{F0933018-D835-413E-BBC2-DB7C22607399}.Release|Any CPU.ActiveCfg = Release|Any CPU
		{F0933018-D835-413E-BBC2-DB7C22607399}.Release|Any CPU.Build.0 = Release|Any CPU
		{F0933018-D835-413E-BBC2-DB7C22607399}.Release|x64.ActiveCfg = Release|Any CPU
		{F0933018-D835-413E-BBC2-DB7C22607399}.Release|x64.Build.0 = Release|Any CPU
		{F0933018-D835-413E-BBC2-DB7C22607399}.Release|x86.ActiveCfg = Release|Any CPU
		{F0933018-D835-413E-BBC2-DB7C22607399}.Release|x86.Build.0 = Release|Any CPU
		{E55F5B3D-0036-40DA-A038-832742A39FFC}.Debug|Any CPU.ActiveCfg = Debug|Any CPU
		{E55F5B3D-0036-40DA-A038-832742A39FFC}.Debug|Any CPU.Build.0 = Debug|Any CPU
		{E55F5B3D-0036-40DA-A038-832742A39FFC}.Debug|x64.ActiveCfg = Debug|Any CPU
		{E55F5B3D-0036-40DA-A038-832742A39FFC}.Debug|x64.Build.0 = Debug|Any CPU
		{E55F5B3D-0036-40DA-A038-832742A39FFC}.Debug|x86.ActiveCfg = Debug|Any CPU
		{E55F5B3D-0036-40DA-A038-832742A39FFC}.Debug|x86.Build.0 = Debug|Any CPU
		{E55F5B3D-0036-40DA-A038-832742A39FFC}.Release|Any CPU.ActiveCfg = Release|Any CPU
		{E55F5B3D-0036-40DA-A038-832742A39FFC}.Release|Any CPU.Build.0 = Release|Any CPU
		{E55F5B3D-0036-40DA-A038-832742A39FFC}.Release|x64.ActiveCfg = Release|Any CPU
		{E55F5B3D-0036-40DA-A038-832742A39FFC}.Release|x64.Build.0 = Release|Any CPU
		{E55F5B3D-0036-40DA-A038-832742A39FFC}.Release|x86.ActiveCfg = Release|Any CPU
		{E55F5B3D-0036-40DA-A038-832742A39FFC}.Release|x86.Build.0 = Release|Any CPU
		{CFC488CC-DE22-4A52-80E2-2CC3DC200E7F}.Debug|Any CPU.ActiveCfg = Debug|Any CPU
		{CFC488CC-DE22-4A52-80E2-2CC3DC200E7F}.Debug|Any CPU.Build.0 = Debug|Any CPU
		{CFC488CC-DE22-4A52-80E2-2CC3DC200E7F}.Debug|x64.ActiveCfg = Debug|Any CPU
		{CFC488CC-DE22-4A52-80E2-2CC3DC200E7F}.Debug|x64.Build.0 = Debug|Any CPU
		{CFC488CC-DE22-4A52-80E2-2CC3DC200E7F}.Debug|x86.ActiveCfg = Debug|Any CPU
		{CFC488CC-DE22-4A52-80E2-2CC3DC200E7F}.Debug|x86.Build.0 = Debug|Any CPU
		{CFC488CC-DE22-4A52-80E2-2CC3DC200E7F}.Release|Any CPU.ActiveCfg = Release|Any CPU
		{CFC488CC-DE22-4A52-80E2-2CC3DC200E7F}.Release|Any CPU.Build.0 = Release|Any CPU
		{CFC488CC-DE22-4A52-80E2-2CC3DC200E7F}.Release|x64.ActiveCfg = Release|Any CPU
		{CFC488CC-DE22-4A52-80E2-2CC3DC200E7F}.Release|x64.Build.0 = Release|Any CPU
		{CFC488CC-DE22-4A52-80E2-2CC3DC200E7F}.Release|x86.ActiveCfg = Release|Any CPU
		{CFC488CC-DE22-4A52-80E2-2CC3DC200E7F}.Release|x86.Build.0 = Release|Any CPU
		{07718654-E09A-4D2F-A87F-DCDC46EEC8F6}.Debug|Any CPU.ActiveCfg = Debug|Any CPU
		{07718654-E09A-4D2F-A87F-DCDC46EEC8F6}.Debug|Any CPU.Build.0 = Debug|Any CPU
		{07718654-E09A-4D2F-A87F-DCDC46EEC8F6}.Debug|x64.ActiveCfg = Debug|Any CPU
		{07718654-E09A-4D2F-A87F-DCDC46EEC8F6}.Debug|x64.Build.0 = Debug|Any CPU
		{07718654-E09A-4D2F-A87F-DCDC46EEC8F6}.Debug|x86.ActiveCfg = Debug|Any CPU
		{07718654-E09A-4D2F-A87F-DCDC46EEC8F6}.Debug|x86.Build.0 = Debug|Any CPU
		{07718654-E09A-4D2F-A87F-DCDC46EEC8F6}.Release|Any CPU.ActiveCfg = Release|Any CPU
		{07718654-E09A-4D2F-A87F-DCDC46EEC8F6}.Release|Any CPU.Build.0 = Release|Any CPU
		{07718654-E09A-4D2F-A87F-DCDC46EEC8F6}.Release|x64.ActiveCfg = Release|Any CPU
		{07718654-E09A-4D2F-A87F-DCDC46EEC8F6}.Release|x64.Build.0 = Release|Any CPU
		{07718654-E09A-4D2F-A87F-DCDC46EEC8F6}.Release|x86.ActiveCfg = Release|Any CPU
		{07718654-E09A-4D2F-A87F-DCDC46EEC8F6}.Release|x86.Build.0 = Release|Any CPU
		{C1F02FB3-15BC-4EC4-B461-E496D6194A58}.Debug|Any CPU.ActiveCfg = Debug|Any CPU
		{C1F02FB3-15BC-4EC4-B461-E496D6194A58}.Debug|Any CPU.Build.0 = Debug|Any CPU
		{C1F02FB3-15BC-4EC4-B461-E496D6194A58}.Debug|x64.ActiveCfg = Debug|Any CPU
		{C1F02FB3-15BC-4EC4-B461-E496D6194A58}.Debug|x64.Build.0 = Debug|Any CPU
		{C1F02FB3-15BC-4EC4-B461-E496D6194A58}.Debug|x86.ActiveCfg = Debug|Any CPU
		{C1F02FB3-15BC-4EC4-B461-E496D6194A58}.Debug|x86.Build.0 = Debug|Any CPU
		{C1F02FB3-15BC-4EC4-B461-E496D6194A58}.Release|Any CPU.ActiveCfg = Release|Any CPU
		{C1F02FB3-15BC-4EC4-B461-E496D6194A58}.Release|Any CPU.Build.0 = Release|Any CPU
		{C1F02FB3-15BC-4EC4-B461-E496D6194A58}.Release|x64.ActiveCfg = Release|Any CPU
		{C1F02FB3-15BC-4EC4-B461-E496D6194A58}.Release|x64.Build.0 = Release|Any CPU
		{C1F02FB3-15BC-4EC4-B461-E496D6194A58}.Release|x86.ActiveCfg = Release|Any CPU
		{C1F02FB3-15BC-4EC4-B461-E496D6194A58}.Release|x86.Build.0 = Release|Any CPU
		{1562BF5B-86B0-4CB5-8D36-5F301C3653BC}.Debug|Any CPU.ActiveCfg = Debug|Any CPU
		{1562BF5B-86B0-4CB5-8D36-5F301C3653BC}.Debug|Any CPU.Build.0 = Debug|Any CPU
		{1562BF5B-86B0-4CB5-8D36-5F301C3653BC}.Debug|x64.ActiveCfg = Debug|Any CPU
		{1562BF5B-86B0-4CB5-8D36-5F301C3653BC}.Debug|x64.Build.0 = Debug|Any CPU
		{1562BF5B-86B0-4CB5-8D36-5F301C3653BC}.Debug|x86.ActiveCfg = Debug|Any CPU
		{1562BF5B-86B0-4CB5-8D36-5F301C3653BC}.Debug|x86.Build.0 = Debug|Any CPU
		{1562BF5B-86B0-4CB5-8D36-5F301C3653BC}.Release|Any CPU.ActiveCfg = Release|Any CPU
		{1562BF5B-86B0-4CB5-8D36-5F301C3653BC}.Release|Any CPU.Build.0 = Release|Any CPU
		{1562BF5B-86B0-4CB5-8D36-5F301C3653BC}.Release|x64.ActiveCfg = Release|Any CPU
		{1562BF5B-86B0-4CB5-8D36-5F301C3653BC}.Release|x64.Build.0 = Release|Any CPU
		{1562BF5B-86B0-4CB5-8D36-5F301C3653BC}.Release|x86.ActiveCfg = Release|Any CPU
		{1562BF5B-86B0-4CB5-8D36-5F301C3653BC}.Release|x86.Build.0 = Release|Any CPU
		{F0AF817C-E1A7-4A2C-9401-E0ADC8759AD8}.Debug|Any CPU.ActiveCfg = Debug|Any CPU
		{F0AF817C-E1A7-4A2C-9401-E0ADC8759AD8}.Debug|Any CPU.Build.0 = Debug|Any CPU
		{F0AF817C-E1A7-4A2C-9401-E0ADC8759AD8}.Debug|x64.ActiveCfg = Debug|Any CPU
		{F0AF817C-E1A7-4A2C-9401-E0ADC8759AD8}.Debug|x64.Build.0 = Debug|Any CPU
		{F0AF817C-E1A7-4A2C-9401-E0ADC8759AD8}.Debug|x86.ActiveCfg = Debug|Any CPU
		{F0AF817C-E1A7-4A2C-9401-E0ADC8759AD8}.Debug|x86.Build.0 = Debug|Any CPU
		{F0AF817C-E1A7-4A2C-9401-E0ADC8759AD8}.Release|Any CPU.ActiveCfg = Release|Any CPU
		{F0AF817C-E1A7-4A2C-9401-E0ADC8759AD8}.Release|Any CPU.Build.0 = Release|Any CPU
		{F0AF817C-E1A7-4A2C-9401-E0ADC8759AD8}.Release|x64.ActiveCfg = Release|Any CPU
		{F0AF817C-E1A7-4A2C-9401-E0ADC8759AD8}.Release|x64.Build.0 = Release|Any CPU
		{F0AF817C-E1A7-4A2C-9401-E0ADC8759AD8}.Release|x86.ActiveCfg = Release|Any CPU
		{F0AF817C-E1A7-4A2C-9401-E0ADC8759AD8}.Release|x86.Build.0 = Release|Any CPU
		{5EB45614-A8DF-4806-BA20-092C56E74F5A}.Debug|Any CPU.ActiveCfg = Debug|Any CPU
		{5EB45614-A8DF-4806-BA20-092C56E74F5A}.Debug|Any CPU.Build.0 = Debug|Any CPU
		{5EB45614-A8DF-4806-BA20-092C56E74F5A}.Debug|x64.ActiveCfg = Debug|Any CPU
		{5EB45614-A8DF-4806-BA20-092C56E74F5A}.Debug|x64.Build.0 = Debug|Any CPU
		{5EB45614-A8DF-4806-BA20-092C56E74F5A}.Debug|x86.ActiveCfg = Debug|Any CPU
		{5EB45614-A8DF-4806-BA20-092C56E74F5A}.Debug|x86.Build.0 = Debug|Any CPU
		{5EB45614-A8DF-4806-BA20-092C56E74F5A}.Release|Any CPU.ActiveCfg = Release|Any CPU
		{5EB45614-A8DF-4806-BA20-092C56E74F5A}.Release|Any CPU.Build.0 = Release|Any CPU
		{5EB45614-A8DF-4806-BA20-092C56E74F5A}.Release|x64.ActiveCfg = Release|Any CPU
		{5EB45614-A8DF-4806-BA20-092C56E74F5A}.Release|x64.Build.0 = Release|Any CPU
		{5EB45614-A8DF-4806-BA20-092C56E74F5A}.Release|x86.ActiveCfg = Release|Any CPU
		{5EB45614-A8DF-4806-BA20-092C56E74F5A}.Release|x86.Build.0 = Release|Any CPU
		{0A2D408E-A188-48F5-A4C9-07809F1FF13A}.Debug|Any CPU.ActiveCfg = Debug|Any CPU
		{0A2D408E-A188-48F5-A4C9-07809F1FF13A}.Debug|Any CPU.Build.0 = Debug|Any CPU
		{0A2D408E-A188-48F5-A4C9-07809F1FF13A}.Debug|x64.ActiveCfg = Debug|Any CPU
		{0A2D408E-A188-48F5-A4C9-07809F1FF13A}.Debug|x64.Build.0 = Debug|Any CPU
		{0A2D408E-A188-48F5-A4C9-07809F1FF13A}.Debug|x86.ActiveCfg = Debug|Any CPU
		{0A2D408E-A188-48F5-A4C9-07809F1FF13A}.Debug|x86.Build.0 = Debug|Any CPU
		{0A2D408E-A188-48F5-A4C9-07809F1FF13A}.Release|Any CPU.ActiveCfg = Release|Any CPU
		{0A2D408E-A188-48F5-A4C9-07809F1FF13A}.Release|Any CPU.Build.0 = Release|Any CPU
		{0A2D408E-A188-48F5-A4C9-07809F1FF13A}.Release|x64.ActiveCfg = Release|Any CPU
		{0A2D408E-A188-48F5-A4C9-07809F1FF13A}.Release|x64.Build.0 = Release|Any CPU
		{0A2D408E-A188-48F5-A4C9-07809F1FF13A}.Release|x86.ActiveCfg = Release|Any CPU
		{0A2D408E-A188-48F5-A4C9-07809F1FF13A}.Release|x86.Build.0 = Release|Any CPU
		{3360F55F-4BA3-4533-9826-73F704452C7B}.Debug|Any CPU.ActiveCfg = Debug|Any CPU
		{3360F55F-4BA3-4533-9826-73F704452C7B}.Debug|Any CPU.Build.0 = Debug|Any CPU
		{3360F55F-4BA3-4533-9826-73F704452C7B}.Debug|x64.ActiveCfg = Debug|Any CPU
		{3360F55F-4BA3-4533-9826-73F704452C7B}.Debug|x64.Build.0 = Debug|Any CPU
		{3360F55F-4BA3-4533-9826-73F704452C7B}.Debug|x86.ActiveCfg = Debug|Any CPU
		{3360F55F-4BA3-4533-9826-73F704452C7B}.Debug|x86.Build.0 = Debug|Any CPU
		{3360F55F-4BA3-4533-9826-73F704452C7B}.Release|Any CPU.ActiveCfg = Release|Any CPU
		{3360F55F-4BA3-4533-9826-73F704452C7B}.Release|Any CPU.Build.0 = Release|Any CPU
		{3360F55F-4BA3-4533-9826-73F704452C7B}.Release|x64.ActiveCfg = Release|Any CPU
		{3360F55F-4BA3-4533-9826-73F704452C7B}.Release|x64.Build.0 = Release|Any CPU
		{3360F55F-4BA3-4533-9826-73F704452C7B}.Release|x86.ActiveCfg = Release|Any CPU
		{3360F55F-4BA3-4533-9826-73F704452C7B}.Release|x86.Build.0 = Release|Any CPU
		{21D8C0F8-892B-446E-AC45-9C2CB59B4F51}.Debug|Any CPU.ActiveCfg = Debug|Any CPU
		{21D8C0F8-892B-446E-AC45-9C2CB59B4F51}.Debug|Any CPU.Build.0 = Debug|Any CPU
		{21D8C0F8-892B-446E-AC45-9C2CB59B4F51}.Debug|x64.ActiveCfg = Debug|Any CPU
		{21D8C0F8-892B-446E-AC45-9C2CB59B4F51}.Debug|x64.Build.0 = Debug|Any CPU
		{21D8C0F8-892B-446E-AC45-9C2CB59B4F51}.Debug|x86.ActiveCfg = Debug|Any CPU
		{21D8C0F8-892B-446E-AC45-9C2CB59B4F51}.Debug|x86.Build.0 = Debug|Any CPU
		{21D8C0F8-892B-446E-AC45-9C2CB59B4F51}.Release|Any CPU.ActiveCfg = Release|Any CPU
		{21D8C0F8-892B-446E-AC45-9C2CB59B4F51}.Release|Any CPU.Build.0 = Release|Any CPU
		{21D8C0F8-892B-446E-AC45-9C2CB59B4F51}.Release|x64.ActiveCfg = Release|Any CPU
		{21D8C0F8-892B-446E-AC45-9C2CB59B4F51}.Release|x64.Build.0 = Release|Any CPU
		{21D8C0F8-892B-446E-AC45-9C2CB59B4F51}.Release|x86.ActiveCfg = Release|Any CPU
		{21D8C0F8-892B-446E-AC45-9C2CB59B4F51}.Release|x86.Build.0 = Release|Any CPU
		{ABC3FCE1-3ADE-4537-B95E-2FA970F0DA88}.Debug|Any CPU.ActiveCfg = Debug|Any CPU
		{ABC3FCE1-3ADE-4537-B95E-2FA970F0DA88}.Debug|Any CPU.Build.0 = Debug|Any CPU
		{ABC3FCE1-3ADE-4537-B95E-2FA970F0DA88}.Debug|x64.ActiveCfg = Debug|Any CPU
		{ABC3FCE1-3ADE-4537-B95E-2FA970F0DA88}.Debug|x64.Build.0 = Debug|Any CPU
		{ABC3FCE1-3ADE-4537-B95E-2FA970F0DA88}.Debug|x86.ActiveCfg = Debug|Any CPU
		{ABC3FCE1-3ADE-4537-B95E-2FA970F0DA88}.Debug|x86.Build.0 = Debug|Any CPU
		{ABC3FCE1-3ADE-4537-B95E-2FA970F0DA88}.Release|Any CPU.ActiveCfg = Release|Any CPU
		{ABC3FCE1-3ADE-4537-B95E-2FA970F0DA88}.Release|Any CPU.Build.0 = Release|Any CPU
		{ABC3FCE1-3ADE-4537-B95E-2FA970F0DA88}.Release|x64.ActiveCfg = Release|Any CPU
		{ABC3FCE1-3ADE-4537-B95E-2FA970F0DA88}.Release|x64.Build.0 = Release|Any CPU
		{ABC3FCE1-3ADE-4537-B95E-2FA970F0DA88}.Release|x86.ActiveCfg = Release|Any CPU
		{ABC3FCE1-3ADE-4537-B95E-2FA970F0DA88}.Release|x86.Build.0 = Release|Any CPU
	EndGlobalSection
EndGlobal
